
Microsoft Visual Studio Solution File, Format Version 12.00
# Visual Studio Version 17
VisualStudioVersion = 17.3.32922.545
MinimumVisualStudioVersion = 10.0.40219.1
Project("{9A19103F-16F7-4668-BE54-9A1E7A4F7556}") = "FinalProject", "FinalProject.csproj", "{7D3EA021-265D-4232-B1CD-8059BB8B0AA1}"
EndProject
Project("{9A19103F-16F7-4668-BE54-9A1E7A4F7556}") = "FinalProject.HttpClient", "..\FinalProject.HttpClient\FinalProject.HttpClient.csproj", "{5D2034F1-1AC5-4AAE-BC5B-6EDC76A81BA4}"
EndProject
Project("{9A19103F-16F7-4668-BE54-9A1E7A4F7556}") = "FinalProject.WebServiceClients", "..\FinalProject.WebServiceClients\FinalProject.WebServiceClients.csproj", "{7249FC9C-639E-42C6-839C-0B2E97FD9EB3}"
EndProject
Project("{FAE04EC0-301F-11D3-BF4B-00C04F79EFBC}") = "FinalProject.RestSharpClient", "..\FinalProject.RestSharpClient\FinalProject.RestSharpClient.csproj", "{73DC488C-D92B-4F64-A3FE-D0229988C655}"
EndProject
Project("{FAE04EC0-301F-11D3-BF4B-00C04F79EFBC}") = "FinalProject.SoapClient", "..\FinalProject.SoapClient\FinalProject.SoapClient.csproj", "{1124C591-63E7-4DC9-9899-C11C85FB0BBC}"
EndProject
Global
	GlobalSection(SolutionConfigurationPlatforms) = preSolution
		Debug|Any CPU = Debug|Any CPU
		Release|Any CPU = Release|Any CPU
	EndGlobalSection
	GlobalSection(ProjectConfigurationPlatforms) = postSolution
		{7D3EA021-265D-4232-B1CD-8059BB8B0AA1}.Debug|Any CPU.ActiveCfg = Debug|Any CPU
		{7D3EA021-265D-4232-B1CD-8059BB8B0AA1}.Debug|Any CPU.Build.0 = Debug|Any CPU
		{7D3EA021-265D-4232-B1CD-8059BB8B0AA1}.Release|Any CPU.ActiveCfg = Release|Any CPU
		{7D3EA021-265D-4232-B1CD-8059BB8B0AA1}.Release|Any CPU.Build.0 = Release|Any CPU
		{5D2034F1-1AC5-4AAE-BC5B-6EDC76A81BA4}.Debug|Any CPU.ActiveCfg = Debug|Any CPU
		{5D2034F1-1AC5-4AAE-BC5B-6EDC76A81BA4}.Debug|Any CPU.Build.0 = Debug|Any CPU
		{5D2034F1-1AC5-4AAE-BC5B-6EDC76A81BA4}.Release|Any CPU.ActiveCfg = Release|Any CPU
		{5D2034F1-1AC5-4AAE-BC5B-6EDC76A81BA4}.Release|Any CPU.Build.0 = Release|Any CPU
		{7249FC9C-639E-42C6-839C-0B2E97FD9EB3}.Debug|Any CPU.ActiveCfg = Debug|Any CPU
		{7249FC9C-639E-42C6-839C-0B2E97FD9EB3}.Debug|Any CPU.Build.0 = Debug|Any CPU
		{7249FC9C-639E-42C6-839C-0B2E97FD9EB3}.Release|Any CPU.ActiveCfg = Release|Any CPU
		{7249FC9C-639E-42C6-839C-0B2E97FD9EB3}.Release|Any CPU.Build.0 = Release|Any CPU
		{73DC488C-D92B-4F64-A3FE-D0229988C655}.Debug|Any CPU.ActiveCfg = Debug|Any CPU
		{73DC488C-D92B-4F64-A3FE-D0229988C655}.Debug|Any CPU.Build.0 = Debug|Any CPU
		{73DC488C-D92B-4F64-A3FE-D0229988C655}.Release|Any CPU.ActiveCfg = Release|Any CPU
		{73DC488C-D92B-4F64-A3FE-D0229988C655}.Release|Any CPU.Build.0 = Release|Any CPU
		{1124C591-63E7-4DC9-9899-C11C85FB0BBC}.Debug|Any CPU.ActiveCfg = Debug|Any CPU
		{1124C591-63E7-4DC9-9899-C11C85FB0BBC}.Debug|Any CPU.Build.0 = Debug|Any CPU
		{1124C591-63E7-4DC9-9899-C11C85FB0BBC}.Release|Any CPU.ActiveCfg = Release|Any CPU
		{1124C591-63E7-4DC9-9899-C11C85FB0BBC}.Release|Any CPU.Build.0 = Release|Any CPU
	EndGlobalSection
	GlobalSection(SolutionProperties) = preSolution
		HideSolutionNode = FALSE
	EndGlobalSection
	GlobalSection(ExtensibilityGlobals) = postSolution
		SolutionGuid = {4A9C8FBD-484A-41E4-83F5-33B849A79487}
	EndGlobalSection
EndGlobal
